
Microsoft Visual Studio Solution File, Format Version 12.00
# Visual Studio Version 16
VisualStudioVersion = 16.0.30621.155
MinimumVisualStudioVersion = 10.0.40219.1
Project("{FAE04EC0-301F-11D3-BF4B-00C04F79EFBC}") = "OOP_11-12(1)", "OOP_11-12(1)\OOP_11-12(1).csproj", "{53CE524E-AF67-4906-9EE0-CA4CA43C4E72}"
EndProject
Global
	GlobalSection(SolutionConfigurationPlatforms) = preSolution
		Debug|Any CPU = Debug|Any CPU
		Release|Any CPU = Release|Any CPU
	EndGlobalSection
	GlobalSection(ProjectConfigurationPlatforms) = postSolution
		{53CE524E-AF67-4906-9EE0-CA4CA43C4E72}.Debug|Any CPU.ActiveCfg = Debug|Any CPU
		{53CE524E-AF67-4906-9EE0-CA4CA43C4E72}.Debug|Any CPU.Build.0 = Debug|Any CPU
		{53CE524E-AF67-4906-9EE0-CA4CA43C4E72}.Release|Any CPU.ActiveCfg = Release|Any CPU
		{53CE524E-AF67-4906-9EE0-CA4CA43C4E72}.Release|Any CPU.Build.0 = Release|Any CPU
	EndGlobalSection
	GlobalSection(SolutionProperties) = preSolution
		HideSolutionNode = FALSE
	EndGlobalSection
	GlobalSection(ExtensibilityGlobals) = postSolution
		SolutionGuid = {8463655F-C145-43DE-9638-6C01568435D7}
	EndGlobalSection
EndGlobal
